
Microsoft Visual Studio Solution File, Format Version 12.00
# Visual Studio Version 17
VisualStudioVersion = 17.0.31903.59
MinimumVisualStudioVersion = 10.0.40219.1
Project("{9A19103F-16F7-4668-BE54-9A1E7A4F7556}") = "ApiGateway", "ApiGateway\ApiGateway.csproj", "{6D9FF151-122A-4F44-ABE0-302664A10127}"
EndProject
Project("{9A19103F-16F7-4668-BE54-9A1E7A4F7556}") = "AuthMicroservice", "AuthMicroservice\AuthMicroservice.csproj", "{7585E3B8-0198-4299-A60D-F8E46DFE84E7}"
EndProject
Project("{9A19103F-16F7-4668-BE54-9A1E7A4F7556}") = "Shared", "Shared\Shared.csproj", "{C40BFFAE-9434-43EF-A36D-8F2880F0AA2E}"
EndProject
Project("{9A19103F-16F7-4668-BE54-9A1E7A4F7556}") = "UsersMicroservice", "UsersMicroservice\UsersMicroservice.csproj", "{8D5C0D62-6F46-4EE2-80C6-D3B11239E73C}"
EndProject
Project("{2150E333-8FDC-42A3-9474-1A3956D46DE8}") = "Microservices", "Microservices", "{6F5FFBFB-76BC-487B-A76A-5EB35AEEA9C3}"
EndProject
Project("{9A19103F-16F7-4668-BE54-9A1E7A4F7556}") = "AnalyticsMicroservice", "AnalyticsMicroservice\AnalyticsMicroservice.csproj", "{D285E67B-C7B2-4E1E-8974-CCC9DFE856EE}"
EndProject
Global
	GlobalSection(SolutionConfigurationPlatforms) = preSolution
		Debug|Any CPU = Debug|Any CPU
		Release|Any CPU = Release|Any CPU
	EndGlobalSection
	GlobalSection(ProjectConfigurationPlatforms) = postSolution
		{6D9FF151-122A-4F44-ABE0-302664A10127}.Debug|Any CPU.ActiveCfg = Debug|Any CPU
		{6D9FF151-122A-4F44-ABE0-302664A10127}.Debug|Any CPU.Build.0 = Debug|Any CPU
		{6D9FF151-122A-4F44-ABE0-302664A10127}.Release|Any CPU.ActiveCfg = Release|Any CPU
		{6D9FF151-122A-4F44-ABE0-302664A10127}.Release|Any CPU.Build.0 = Release|Any CPU
		{7585E3B8-0198-4299-A60D-F8E46DFE84E7}.Debug|Any CPU.ActiveCfg = Debug|Any CPU
		{7585E3B8-0198-4299-A60D-F8E46DFE84E7}.Debug|Any CPU.Build.0 = Debug|Any CPU
		{7585E3B8-0198-4299-A60D-F8E46DFE84E7}.Release|Any CPU.ActiveCfg = Release|Any CPU
		{7585E3B8-0198-4299-A60D-F8E46DFE84E7}.Release|Any CPU.Build.0 = Release|Any CPU
		{C40BFFAE-9434-43EF-A36D-8F2880F0AA2E}.Debug|Any CPU.ActiveCfg = Debug|Any CPU
		{C40BFFAE-9434-43EF-A36D-8F2880F0AA2E}.Debug|Any CPU.Build.0 = Debug|Any CPU
		{C40BFFAE-9434-43EF-A36D-8F2880F0AA2E}.Release|Any CPU.ActiveCfg = Release|Any CPU
		{C40BFFAE-9434-43EF-A36D-8F2880F0AA2E}.Release|Any CPU.Build.0 = Release|Any CPU
		{8D5C0D62-6F46-4EE2-80C6-D3B11239E73C}.Debug|Any CPU.ActiveCfg = Debug|Any CPU
		{8D5C0D62-6F46-4EE2-80C6-D3B11239E73C}.Debug|Any CPU.Build.0 = Debug|Any CPU
		{8D5C0D62-6F46-4EE2-80C6-D3B11239E73C}.Release|Any CPU.ActiveCfg = Release|Any CPU
		{8D5C0D62-6F46-4EE2-80C6-D3B11239E73C}.Release|Any CPU.Build.0 = Release|Any CPU
		{D285E67B-C7B2-4E1E-8974-CCC9DFE856EE}.Debug|Any CPU.ActiveCfg = Debug|Any CPU
		{D285E67B-C7B2-4E1E-8974-CCC9DFE856EE}.Debug|Any CPU.Build.0 = Debug|Any CPU
		{D285E67B-C7B2-4E1E-8974-CCC9DFE856EE}.Release|Any CPU.ActiveCfg = Release|Any CPU
		{D285E67B-C7B2-4E1E-8974-CCC9DFE856EE}.Release|Any CPU.Build.0 = Release|Any CPU
	EndGlobalSection
	GlobalSection(SolutionProperties) = preSolution
		HideSolutionNode = FALSE
	EndGlobalSection
	GlobalSection(NestedProjects) = preSolution
		{7585E3B8-0198-4299-A60D-F8E46DFE84E7} = {6F5FFBFB-76BC-487B-A76A-5EB35AEEA9C3}
		{8D5C0D62-6F46-4EE2-80C6-D3B11239E73C} = {6F5FFBFB-76BC-487B-A76A-5EB35AEEA9C3}
		{D285E67B-C7B2-4E1E-8974-CCC9DFE856EE} = {6F5FFBFB-76BC-487B-A76A-5EB35AEEA9C3}
	EndGlobalSection
	GlobalSection(ExtensibilityGlobals) = postSolution
		SolutionGuid = {30364387-71DD-4305-8507-0966DECD12DB}
	EndGlobalSection
EndGlobal
